
Microsoft Visual Studio Solution File, Format Version 12.00
# Visual Studio Version 17
VisualStudioVersion = 17.13.35825.156 d17.13
MinimumVisualStudioVersion = 10.0.40219.1
Project("{FAE04EC0-301F-11D3-BF4B-00C04F79EFBC}") = "Lab03", "Lab03\Lab03.csproj", "{13BFD54E-79E4-43CA-B285-99CF2E581645}"
EndProject
Global
	GlobalSection(SolutionConfigurationPlatforms) = preSolution
		Debug|Any CPU = Debug|Any CPU
		Release|Any CPU = Release|Any CPU
	EndGlobalSection
	GlobalSection(ProjectConfigurationPlatforms) = postSolution
		{13BFD54E-79E4-43CA-B285-99CF2E581645}.Debug|Any CPU.ActiveCfg = Debug|Any CPU
		{13BFD54E-79E4-43CA-B285-99CF2E581645}.Debug|Any CPU.Build.0 = Debug|Any CPU
		{13BFD54E-79E4-43CA-B285-99CF2E581645}.Release|Any CPU.ActiveCfg = Release|Any CPU
		{13BFD54E-79E4-43CA-B285-99CF2E581645}.Release|Any CPU.Build.0 = Release|Any CPU
	EndGlobalSection
	GlobalSection(SolutionProperties) = preSolution
		HideSolutionNode = FALSE
	EndGlobalSection
	GlobalSection(ExtensibilityGlobals) = postSolution
		SolutionGuid = {D9665B6B-CC30-4F74-8089-B0615656234B}
	EndGlobalSection
EndGlobal
